
Microsoft Visual Studio Solution File, Format Version 12.00
# Visual Studio Version 17
VisualStudioVersion = 17.8.34322.80
MinimumVisualStudioVersion = 10.0.40219.1
Project("{FAE04EC0-301F-11D3-BF4B-00C04F79EFBC}") = "API", "API\API.csproj", "{F41D5997-251D-4FA1-814E-996F1C8BF737}"
EndProject
Project("{FAE04EC0-301F-11D3-BF4B-00C04F79EFBC}") = "Shared", "Shared\Shared.csproj", "{C51BF046-D370-4358-B702-5104F6EFA349}"
EndProject
Project("{FAE04EC0-301F-11D3-BF4B-00C04F79EFBC}") = "Client", "Client\Client.csproj", "{903C72E4-DD31-46EF-A1EE-3FE11B415AC9}"
EndProject
Global
	GlobalSection(SolutionConfigurationPlatforms) = preSolution
		Debug|Any CPU = Debug|Any CPU
		Release|Any CPU = Release|Any CPU
	EndGlobalSection
	GlobalSection(ProjectConfigurationPlatforms) = postSolution
		{F41D5997-251D-4FA1-814E-996F1C8BF737}.Debug|Any CPU.ActiveCfg = Debug|Any CPU
		{F41D5997-251D-4FA1-814E-996F1C8BF737}.Debug|Any CPU.Build.0 = Debug|Any CPU
		{F41D5997-251D-4FA1-814E-996F1C8BF737}.Release|Any CPU.ActiveCfg = Release|Any CPU
		{F41D5997-251D-4FA1-814E-996F1C8BF737}.Release|Any CPU.Build.0 = Release|Any CPU
		{C51BF046-D370-4358-B702-5104F6EFA349}.Debug|Any CPU.ActiveCfg = Debug|Any CPU
		{C51BF046-D370-4358-B702-5104F6EFA349}.Debug|Any CPU.Build.0 = Debug|Any CPU
		{C51BF046-D370-4358-B702-5104F6EFA349}.Release|Any CPU.ActiveCfg = Release|Any CPU
		{C51BF046-D370-4358-B702-5104F6EFA349}.Release|Any CPU.Build.0 = Release|Any CPU
		{903C72E4-DD31-46EF-A1EE-3FE11B415AC9}.Debug|Any CPU.ActiveCfg = Debug|Any CPU
		{903C72E4-DD31-46EF-A1EE-3FE11B415AC9}.Debug|Any CPU.Build.0 = Debug|Any CPU
		{903C72E4-DD31-46EF-A1EE-3FE11B415AC9}.Release|Any CPU.ActiveCfg = Release|Any CPU
		{903C72E4-DD31-46EF-A1EE-3FE11B415AC9}.Release|Any CPU.Build.0 = Release|Any CPU
	EndGlobalSection
	GlobalSection(SolutionProperties) = preSolution
		HideSolutionNode = FALSE
	EndGlobalSection
	GlobalSection(ExtensibilityGlobals) = postSolution
		SolutionGuid = {4F7C3127-B332-48C2-9F47-B892BDB3ED16}
	EndGlobalSection
EndGlobal
